
Microsoft Visual Studio Solution File, Format Version 12.00
# Visual Studio Version 17
VisualStudioVersion = 17.3.32929.385
MinimumVisualStudioVersion = 10.0.40219.1
Project("{FAE04EC0-301F-11D3-BF4B-00C04F79EFBC}") = "Projet_R", "Projet_R\Projet_R.csproj", "{C8FC8DE5-5DE3-47E3-AAFF-83BBFC1DFA2D}"
EndProject
Global
	GlobalSection(SolutionConfigurationPlatforms) = preSolution
		Debug|Any CPU = Debug|Any CPU
		Release|Any CPU = Release|Any CPU
	EndGlobalSection
	GlobalSection(ProjectConfigurationPlatforms) = postSolution
		{C8FC8DE5-5DE3-47E3-AAFF-83BBFC1DFA2D}.Debug|Any CPU.ActiveCfg = Debug|Any CPU
		{C8FC8DE5-5DE3-47E3-AAFF-83BBFC1DFA2D}.Debug|Any CPU.Build.0 = Debug|Any CPU
		{C8FC8DE5-5DE3-47E3-AAFF-83BBFC1DFA2D}.Release|Any CPU.ActiveCfg = Release|Any CPU
		{C8FC8DE5-5DE3-47E3-AAFF-83BBFC1DFA2D}.Release|Any CPU.Build.0 = Release|Any CPU
	EndGlobalSection
	GlobalSection(SolutionProperties) = preSolution
		HideSolutionNode = FALSE
	EndGlobalSection
	GlobalSection(ExtensibilityGlobals) = postSolution
		SolutionGuid = {8FFF106B-09CE-4F10-8747-B707D25F6E7E}
	EndGlobalSection
EndGlobal
